
Microsoft Visual Studio Solution File, Format Version 12.00
# Visual Studio 15
VisualStudioVersion = 15.0.28307.489
MinimumVisualStudioVersion = 10.0.40219.1
Project("{FAE04EC0-301F-11D3-BF4B-00C04F79EFBC}") = "Lesson8_Classwork", "Lesson8_Classwork\Lesson8_Classwork.csproj", "{7A6C32DC-64D6-49DC-88ED-60D2E31CF9A8}"
EndProject
Global
	GlobalSection(SolutionConfigurationPlatforms) = preSolution
		Debug|Any CPU = Debug|Any CPU
		Release|Any CPU = Release|Any CPU
	EndGlobalSection
	GlobalSection(ProjectConfigurationPlatforms) = postSolution
		{7A6C32DC-64D6-49DC-88ED-60D2E31CF9A8}.Debug|Any CPU.ActiveCfg = Debug|Any CPU
		{7A6C32DC-64D6-49DC-88ED-60D2E31CF9A8}.Debug|Any CPU.Build.0 = Debug|Any CPU
		{7A6C32DC-64D6-49DC-88ED-60D2E31CF9A8}.Release|Any CPU.ActiveCfg = Release|Any CPU
		{7A6C32DC-64D6-49DC-88ED-60D2E31CF9A8}.Release|Any CPU.Build.0 = Release|Any CPU
	EndGlobalSection
	GlobalSection(SolutionProperties) = preSolution
		HideSolutionNode = FALSE
	EndGlobalSection
	GlobalSection(ExtensibilityGlobals) = postSolution
		SolutionGuid = {1CC52B43-4E08-4FFD-AD15-3A42DF0911EF}
	EndGlobalSection
EndGlobal
